{
  "requires": true,
  "lockfileVersion": 1,
  "dependencies": {
    "classnames": {
      "version": "2.3.1",
      "resolved": "https://registry.npmjs.org/classnames/-/classnames-2.3.1.tgz",
      "integrity": "sha512-OlQdbZ7gLfGarSqxesMesDa5uz7KFbID8Kpq/SxIoNGDqY8lSYs0D+hhtBXhcdB3rcbXArFr7vlHheLk1voeNA=="
    },
    "react-edit-text": {
      "version": "4.2.0",
      "resolved": "https://registry.npmjs.org/react-edit-text/-/react-edit-text-4.2.0.tgz",
      "integrity": "sha512-3onhVkytD1BfFBG71dZnohO7YUTqJnJms7rHmWj+AkWiohoFtQOMHPDSak+zqNOA8DF3GE7YVm6StrL6ws3/sQ==",
      "requires": {
        "classnames": "^2.2.6"
      }
    }
  }
}
